
Microsoft Visual Studio Solution File, Format Version 12.00
# Visual Studio Version 17
VisualStudioVersion = 17.0.31903.59
MinimumVisualStudioVersion = 10.0.40219.1
Project("{2150E333-8FDC-42A3-9474-1A3956D46DE8}") = "src", "src", "{827E0CD3-B72D-47B6-A68D-7590B98EB39B}"
EndProject
Project("{FAE04EC0-301F-11D3-BF4B-00C04F79EFBC}") = "TrainingDeskCalendar.App", "src\TrainingDeskCalendar.App\TrainingDeskCalendar.App.csproj", "{A84BAAE7-2D67-4A75-B73C-A9C0F05F8D90}"
EndProject
Project("{2150E333-8FDC-42A3-9474-1A3956D46DE8}") = "tests", "tests", "{0AB3BF05-4346-4AA6-1389-037BE0695223}"
EndProject
Project("{FAE04EC0-301F-11D3-BF4B-00C04F79EFBC}") = "TrainingDeskCalendar.App.Tests", "tests\TrainingDeskCalendar.App.Tests\TrainingDeskCalendar.App.Tests.csproj", "{2F4B07C1-1DF2-4511-9504-97BDC103D630}"
EndProject
Project("{FAE04EC0-301F-11D3-BF4B-00C04F79EFBC}") = "TrainingDeskCalendar.Launcher", "src\TrainingDeskCalendar.Launcher\TrainingDeskCalendar.Launcher.csproj", "{6CACC75E-FD38-414D-80B0-EB1BDB4C8C0B}"
EndProject
Global
	GlobalSection(SolutionConfigurationPlatforms) = preSolution
		Debug|Any CPU = Debug|Any CPU
		Debug|x64 = Debug|x64
		Debug|x86 = Debug|x86
		Release|Any CPU = Release|Any CPU
		Release|x64 = Release|x64
		Release|x86 = Release|x86
	EndGlobalSection
	GlobalSection(ProjectConfigurationPlatforms) = postSolution
		{A84BAAE7-2D67-4A75-B73C-A9C0F05F8D90}.Debug|Any CPU.ActiveCfg = Debug|Any CPU
		{A84BAAE7-2D67-4A75-B73C-A9C0F05F8D90}.Debug|Any CPU.Build.0 = Debug|Any CPU
		{A84BAAE7-2D67-4A75-B73C-A9C0F05F8D90}.Debug|x64.ActiveCfg = Debug|Any CPU
		{A84BAAE7-2D67-4A75-B73C-A9C0F05F8D90}.Debug|x64.Build.0 = Debug|Any CPU
		{A84BAAE7-2D67-4A75-B73C-A9C0F05F8D90}.Debug|x86.ActiveCfg = Debug|Any CPU
		{A84BAAE7-2D67-4A75-B73C-A9C0F05F8D90}.Debug|x86.Build.0 = Debug|Any CPU
		{A84BAAE7-2D67-4A75-B73C-A9C0F05F8D90}.Release|Any CPU.ActiveCfg = Release|Any CPU
		{A84BAAE7-2D67-4A75-B73C-A9C0F05F8D90}.Release|Any CPU.Build.0 = Release|Any CPU
		{A84BAAE7-2D67-4A75-B73C-A9C0F05F8D90}.Release|x64.ActiveCfg = Release|Any CPU
		{A84BAAE7-2D67-4A75-B73C-A9C0F05F8D90}.Release|x64.Build.0 = Release|Any CPU
		{A84BAAE7-2D67-4A75-B73C-A9C0F05F8D90}.Release|x86.ActiveCfg = Release|Any CPU
		{A84BAAE7-2D67-4A75-B73C-A9C0F05F8D90}.Release|x86.Build.0 = Release|Any CPU
		{2F4B07C1-1DF2-4511-9504-97BDC103D630}.Debug|Any CPU.ActiveCfg = Debug|Any CPU
		{2F4B07C1-1DF2-4511-9504-97BDC103D630}.Debug|Any CPU.Build.0 = Debug|Any CPU
		{2F4B07C1-1DF2-4511-9504-97BDC103D630}.Debug|x64.ActiveCfg = Debug|Any CPU
		{2F4B07C1-1DF2-4511-9504-97BDC103D630}.Debug|x64.Build.0 = Debug|Any CPU
		{2F4B07C1-1DF2-4511-9504-97BDC103D630}.Debug|x86.ActiveCfg = Debug|Any CPU
		{2F4B07C1-1DF2-4511-9504-97BDC103D630}.Debug|x86.Build.0 = Debug|Any CPU
		{2F4B07C1-1DF2-4511-9504-97BDC103D630}.Release|Any CPU.ActiveCfg = Release|Any CPU
		{2F4B07C1-1DF2-4511-9504-97BDC103D630}.Release|Any CPU.Build.0 = Release|Any CPU
		{2F4B07C1-1DF2-4511-9504-97BDC103D630}.Release|x64.ActiveCfg = Release|Any CPU
		{2F4B07C1-1DF2-4511-9504-97BDC103D630}.Release|x64.Build.0 = Release|Any CPU
		{2F4B07C1-1DF2-4511-9504-97BDC103D630}.Release|x86.ActiveCfg = Release|Any CPU
		{2F4B07C1-1DF2-4511-9504-97BDC103D630}.Release|x86.Build.0 = Release|Any CPU
		{6CACC75E-FD38-414D-80B0-EB1BDB4C8C0B}.Debug|Any CPU.ActiveCfg = Debug|Any CPU
		{6CACC75E-FD38-414D-80B0-EB1BDB4C8C0B}.Debug|Any CPU.Build.0 = Debug|Any CPU
		{6CACC75E-FD38-414D-80B0-EB1BDB4C8C0B}.Debug|x64.ActiveCfg = Debug|Any CPU
		{6CACC75E-FD38-414D-80B0-EB1BDB4C8C0B}.Debug|x64.Build.0 = Debug|Any CPU
		{6CACC75E-FD38-414D-80B0-EB1BDB4C8C0B}.Debug|x86.ActiveCfg = Debug|Any CPU
		{6CACC75E-FD38-414D-80B0-EB1BDB4C8C0B}.Debug|x86.Build.0 = Debug|Any CPU
		{6CACC75E-FD38-414D-80B0-EB1BDB4C8C0B}.Release|Any CPU.ActiveCfg = Release|Any CPU
		{6CACC75E-FD38-414D-80B0-EB1BDB4C8C0B}.Release|Any CPU.Build.0 = Release|Any CPU
		{6CACC75E-FD38-414D-80B0-EB1BDB4C8C0B}.Release|x64.ActiveCfg = Release|Any CPU
		{6CACC75E-FD38-414D-80B0-EB1BDB4C8C0B}.Release|x64.Build.0 = Release|Any CPU
		{6CACC75E-FD38-414D-80B0-EB1BDB4C8C0B}.Release|x86.ActiveCfg = Release|Any CPU
		{6CACC75E-FD38-414D-80B0-EB1BDB4C8C0B}.Release|x86.Build.0 = Release|Any CPU
	EndGlobalSection
	GlobalSection(SolutionProperties) = preSolution
		HideSolutionNode = FALSE
	EndGlobalSection
	GlobalSection(NestedProjects) = preSolution
		{A84BAAE7-2D67-4A75-B73C-A9C0F05F8D90} = {827E0CD3-B72D-47B6-A68D-7590B98EB39B}
		{2F4B07C1-1DF2-4511-9504-97BDC103D630} = {0AB3BF05-4346-4AA6-1389-037BE0695223}
		{6CACC75E-FD38-414D-80B0-EB1BDB4C8C0B} = {827E0CD3-B72D-47B6-A68D-7590B98EB39B}
	EndGlobalSection
EndGlobal
